
Microsoft Visual Studio Solution File, Format Version 12.00
# Visual Studio Version 17
VisualStudioVersion = 17.14.37027.9
MinimumVisualStudioVersion = 10.0.40219.1
Project("{FAE04EC0-301F-11D3-BF4B-00C04F79EFBC}") = "SpendlyWebAPI", "SpendlyWebAPI\SpendlyWebAPI.csproj", "{6901A8D1-AC94-4C67-8389-0AAD87E6694E}"
EndProject
Project("{FAE04EC0-301F-11D3-BF4B-00C04F79EFBC}") = "Spendly.Desktop", "Spendly.Desktop\Spendly.Desktop.csproj", "{BC724CB7-3B31-4C35-85CF-E73D3BC36231}"
EndProject
Project("{FAE04EC0-301F-11D3-BF4B-00C04F79EFBC}") = "SpendlyWebAPI.Tests", "SpendlyWebAPI.Tests\SpendlyWebAPI.Tests.csproj", "{DF1EB296-9A7C-4856-960A-88E98A92590E}"
EndProject
Global
	GlobalSection(SolutionConfigurationPlatforms) = preSolution
		Debug|Any CPU = Debug|Any CPU
		Debug|x64 = Debug|x64
		Debug|x86 = Debug|x86
		Release|Any CPU = Release|Any CPU
		Release|x64 = Release|x64
		Release|x86 = Release|x86
	EndGlobalSection
	GlobalSection(ProjectConfigurationPlatforms) = postSolution
		{6901A8D1-AC94-4C67-8389-0AAD87E6694E}.Debug|Any CPU.ActiveCfg = Debug|Any CPU
		{6901A8D1-AC94-4C67-8389-0AAD87E6694E}.Debug|Any CPU.Build.0 = Debug|Any CPU
		{6901A8D1-AC94-4C67-8389-0AAD87E6694E}.Debug|x64.ActiveCfg = Debug|Any CPU
		{6901A8D1-AC94-4C67-8389-0AAD87E6694E}.Debug|x64.Build.0 = Debug|Any CPU
		{6901A8D1-AC94-4C67-8389-0AAD87E6694E}.Debug|x86.ActiveCfg = Debug|Any CPU
		{6901A8D1-AC94-4C67-8389-0AAD87E6694E}.Debug|x86.Build.0 = Debug|Any CPU
		{6901A8D1-AC94-4C67-8389-0AAD87E6694E}.Release|Any CPU.ActiveCfg = Release|Any CPU
		{6901A8D1-AC94-4C67-8389-0AAD87E6694E}.Release|Any CPU.Build.0 = Release|Any CPU
		{6901A8D1-AC94-4C67-8389-0AAD87E6694E}.Release|x64.ActiveCfg = Release|Any CPU
		{6901A8D1-AC94-4C67-8389-0AAD87E6694E}.Release|x64.Build.0 = Release|Any CPU
		{6901A8D1-AC94-4C67-8389-0AAD87E6694E}.Release|x86.ActiveCfg = Release|Any CPU
		{6901A8D1-AC94-4C67-8389-0AAD87E6694E}.Release|x86.Build.0 = Release|Any CPU
		{BC724CB7-3B31-4C35-85CF-E73D3BC36231}.Debug|Any CPU.ActiveCfg = Debug|Any CPU
		{BC724CB7-3B31-4C35-85CF-E73D3BC36231}.Debug|Any CPU.Build.0 = Debug|Any CPU
		{BC724CB7-3B31-4C35-85CF-E73D3BC36231}.Debug|x64.ActiveCfg = Debug|Any CPU
		{BC724CB7-3B31-4C35-85CF-E73D3BC36231}.Debug|x64.Build.0 = Debug|Any CPU
		{BC724CB7-3B31-4C35-85CF-E73D3BC36231}.Debug|x86.ActiveCfg = Debug|Any CPU
		{BC724CB7-3B31-4C35-85CF-E73D3BC36231}.Debug|x86.Build.0 = Debug|Any CPU
		{BC724CB7-3B31-4C35-85CF-E73D3BC36231}.Release|Any CPU.ActiveCfg = Release|Any CPU
		{BC724CB7-3B31-4C35-85CF-E73D3BC36231}.Release|Any CPU.Build.0 = Release|Any CPU
		{BC724CB7-3B31-4C35-85CF-E73D3BC36231}.Release|x64.ActiveCfg = Release|Any CPU
		{BC724CB7-3B31-4C35-85CF-E73D3BC36231}.Release|x64.Build.0 = Release|Any CPU
		{BC724CB7-3B31-4C35-85CF-E73D3BC36231}.Release|x86.ActiveCfg = Release|Any CPU
		{BC724CB7-3B31-4C35-85CF-E73D3BC36231}.Release|x86.Build.0 = Release|Any CPU
		{DF1EB296-9A7C-4856-960A-88E98A92590E}.Debug|Any CPU.ActiveCfg = Debug|Any CPU
		{DF1EB296-9A7C-4856-960A-88E98A92590E}.Debug|Any CPU.Build.0 = Debug|Any CPU
		{DF1EB296-9A7C-4856-960A-88E98A92590E}.Debug|x64.ActiveCfg = Debug|Any CPU
		{DF1EB296-9A7C-4856-960A-88E98A92590E}.Debug|x64.Build.0 = Debug|Any CPU
		{DF1EB296-9A7C-4856-960A-88E98A92590E}.Debug|x86.ActiveCfg = Debug|Any CPU
		{DF1EB296-9A7C-4856-960A-88E98A92590E}.Debug|x86.Build.0 = Debug|Any CPU
		{DF1EB296-9A7C-4856-960A-88E98A92590E}.Release|Any CPU.ActiveCfg = Release|Any CPU
		{DF1EB296-9A7C-4856-960A-88E98A92590E}.Release|Any CPU.Build.0 = Release|Any CPU
		{DF1EB296-9A7C-4856-960A-88E98A92590E}.Release|x64.ActiveCfg = Release|Any CPU
		{DF1EB296-9A7C-4856-960A-88E98A92590E}.Release|x64.Build.0 = Release|Any CPU
		{DF1EB296-9A7C-4856-960A-88E98A92590E}.Release|x86.ActiveCfg = Release|Any CPU
		{DF1EB296-9A7C-4856-960A-88E98A92590E}.Release|x86.Build.0 = Release|Any CPU
	EndGlobalSection
	GlobalSection(SolutionProperties) = preSolution
		HideSolutionNode = FALSE
	EndGlobalSection
	GlobalSection(ExtensibilityGlobals) = postSolution
		SolutionGuid = {1FC241A8-74B6-46DA-9904-DFE8BE5BA3A4}
	EndGlobalSection
EndGlobal
